{
  "requires": true,
  "lockfileVersion": 1,
  "dependencies": {
    "oauth": {
      "version": "0.9.15",
      "resolved": "https://registry.npmjs.org/oauth/-/oauth-0.9.15.tgz",
      "integrity": "sha1-vR/vr2hslrdUda7VGWQS/2DPucE="
    },
    "passport": {
      "version": "0.1.18",
      "resolved": "https://registry.npmjs.org/passport/-/passport-0.1.18.tgz",
      "integrity": "sha1-yCZEedy2QUytu2Z1LRKzfgtlJaE=",
      "requires": {
        "pause": "0.0.1",
        "pkginfo": "0.2.3"
      }
    },
    "passport-oauth": {
      "version": "0.1.15",
      "resolved": "https://registry.npmjs.org/passport-oauth/-/passport-oauth-0.1.15.tgz",
      "integrity": "sha1-+3Tgr+hGFL+iVsX8cWzFa7/IzsA=",
      "requires": {
        "oauth": "0.9.15",
        "passport": "0.1.18",
        "pkginfo": "0.2.3"
      }
    },
    "passport-slack": {
      "version": "0.0.7",
      "resolved": "https://registry.npmjs.org/passport-slack/-/passport-slack-0.0.7.tgz",
      "integrity": "sha1-Fn64Dwq2ItIVbnyucFXhbQsYkNA=",
      "requires": {
        "passport-oauth": "0.1.15",
        "pkginfo": "0.2.3"
      }
    },
    "pause": {
      "version": "0.0.1",
      "resolved": "https://registry.npmjs.org/pause/-/pause-0.0.1.tgz",
      "integrity": "sha1-HUCLP9t2kjuVQ9lvtMnf1TXZy10="
    },
    "pkginfo": {
      "version": "0.2.3",
      "resolved": "https://registry.npmjs.org/pkginfo/-/pkginfo-0.2.3.tgz",
      "integrity": "sha1-cjnEKl72wwuPMoQ52bn/cQQkkPg="
    }
  }
}
